
Microsoft Visual Studio Solution File, Format Version 12.00
# Visual Studio Version 16
VisualStudioVersion = 16.0.30011.22
MinimumVisualStudioVersion = 10.0.40219.1
Project("{FAE04EC0-301F-11D3-BF4B-00C04F79EFBC}") = "AMR_CivilDynNodes", "AMR_CivilDynNodes.csproj", "{A47318DE-8A3B-466E-A24A-42E0CFEA6B02}"
EndProject
Global
	GlobalSection(SolutionConfigurationPlatforms) = preSolution
		Debug|Any CPU = Debug|Any CPU
		Release|Any CPU = Release|Any CPU
	EndGlobalSection
	GlobalSection(ProjectConfigurationPlatforms) = postSolution
		{A47318DE-8A3B-466E-A24A-42E0CFEA6B02}.Debug|Any CPU.ActiveCfg = Debug|Any CPU
		{A47318DE-8A3B-466E-A24A-42E0CFEA6B02}.Debug|Any CPU.Build.0 = Debug|Any CPU
		{A47318DE-8A3B-466E-A24A-42E0CFEA6B02}.Release|Any CPU.ActiveCfg = Release|Any CPU
		{A47318DE-8A3B-466E-A24A-42E0CFEA6B02}.Release|Any CPU.Build.0 = Release|Any CPU
	EndGlobalSection
	GlobalSection(SolutionProperties) = preSolution
		HideSolutionNode = FALSE
	EndGlobalSection
	GlobalSection(ExtensibilityGlobals) = postSolution
		BuildVersion_AssemblyInfoFilename = Properties\AssemblyInfo.cs
		BuildVersion_StartDate = 2020/5/20
		BuildVersion_BuildAction = Build
		BuildVersion_UpdateFileVersion = True
		BuildVersion_UpdateAssemblyVersion = True
		BuildVersion_BuildVersioningStyle = None.None.Increment.TimeStamp
		SolutionGuid = {8E3FB362-8CAB-4113-B9BE-93B437E9FEBA}
	EndGlobalSection
EndGlobal
